
Microsoft Visual Studio Solution File, Format Version 12.00
# Visual Studio Version 17
VisualStudioVersion = 17.0.32014.148
MinimumVisualStudioVersion = 10.0.40219.1
Project("{FAE04EC0-301F-11D3-BF4B-00C04F79EFBC}") = "BlazorPokeDex.Client", "BlazorPokeDex.Client\BlazorPokeDex.Client.csproj", "{D680BA0C-0BF5-4D8B-80CC-2018C9BD99ED}"
EndProject
Project("{FAE04EC0-301F-11D3-BF4B-00C04F79EFBC}") = "BlazorPokedex.Models", "BlazorPokedex.Models\BlazorPokedex.Models.csproj", "{F9EF3C67-9082-44D8-9204-5AFA3B0D64F2}"
EndProject
Project("{FAE04EC0-301F-11D3-BF4B-00C04F79EFBC}") = "BlazorPokedex.Services", "BlazorPokedex.Services\BlazorPokedex.Services.csproj", "{B46D61CE-E013-4DB9-82EF-BF95C5896D82}"
EndProject
Global
	GlobalSection(SolutionConfigurationPlatforms) = preSolution
		Debug|Any CPU = Debug|Any CPU
		Release|Any CPU = Release|Any CPU
	EndGlobalSection
	GlobalSection(ProjectConfigurationPlatforms) = postSolution
		{D680BA0C-0BF5-4D8B-80CC-2018C9BD99ED}.Debug|Any CPU.ActiveCfg = Debug|Any CPU
		{D680BA0C-0BF5-4D8B-80CC-2018C9BD99ED}.Debug|Any CPU.Build.0 = Debug|Any CPU
		{D680BA0C-0BF5-4D8B-80CC-2018C9BD99ED}.Release|Any CPU.ActiveCfg = Release|Any CPU
		{D680BA0C-0BF5-4D8B-80CC-2018C9BD99ED}.Release|Any CPU.Build.0 = Release|Any CPU
		{F9EF3C67-9082-44D8-9204-5AFA3B0D64F2}.Debug|Any CPU.ActiveCfg = Debug|Any CPU
		{F9EF3C67-9082-44D8-9204-5AFA3B0D64F2}.Debug|Any CPU.Build.0 = Debug|Any CPU
		{F9EF3C67-9082-44D8-9204-5AFA3B0D64F2}.Release|Any CPU.ActiveCfg = Release|Any CPU
		{F9EF3C67-9082-44D8-9204-5AFA3B0D64F2}.Release|Any CPU.Build.0 = Release|Any CPU
		{B46D61CE-E013-4DB9-82EF-BF95C5896D82}.Debug|Any CPU.ActiveCfg = Debug|Any CPU
		{B46D61CE-E013-4DB9-82EF-BF95C5896D82}.Debug|Any CPU.Build.0 = Debug|Any CPU
		{B46D61CE-E013-4DB9-82EF-BF95C5896D82}.Release|Any CPU.ActiveCfg = Release|Any CPU
		{B46D61CE-E013-4DB9-82EF-BF95C5896D82}.Release|Any CPU.Build.0 = Release|Any CPU
	EndGlobalSection
	GlobalSection(SolutionProperties) = preSolution
		HideSolutionNode = FALSE
	EndGlobalSection
	GlobalSection(ExtensibilityGlobals) = postSolution
		SolutionGuid = {E0F80408-9662-411A-A19C-C6AD56CA5826}
	EndGlobalSection
EndGlobal
